
Microsoft Visual Studio Solution File, Format Version 12.00
# Visual Studio 2013
VisualStudioVersion = 12.0.30110.0
MinimumVisualStudioVersion = 10.0.40219.1
Project("{2150E333-8FDC-42A3-9474-1A3956D46DE8}") = "Chapter2-StateMachines", "Chapter2-StateMachines", "{A15E8BD8-DF34-414F-B451-BF5FD8ECE841}"
EndProject
Project("{FAE04EC0-301F-11D3-BF4B-00C04F79EFBC}") = "WestWorld1", "..\WestWorld1\WestWorld1.csproj", "{E6CF5682-321A-4803-8359-C6251EF23349}"
EndProject
Project("{FAE04EC0-301F-11D3-BF4B-00C04F79EFBC}") = "WestWorldWithWoman", "..\WestWorldWithWoman\WestWorldWithWoman.csproj", "{22441FFB-6079-475C-A356-B5C826754334}"
EndProject
Global
	GlobalSection(SolutionConfigurationPlatforms) = preSolution
		Debug|Any CPU = Debug|Any CPU
		Debug|Mixed Platforms = Debug|Mixed Platforms
		Debug|Win32 = Debug|Win32
		Release|Any CPU = Release|Any CPU
		Release|Mixed Platforms = Release|Mixed Platforms
		Release|Win32 = Release|Win32
	EndGlobalSection
	GlobalSection(ProjectConfigurationPlatforms) = postSolution
		{E6CF5682-321A-4803-8359-C6251EF23349}.Debug|Any CPU.ActiveCfg = Debug|Any CPU
		{E6CF5682-321A-4803-8359-C6251EF23349}.Debug|Any CPU.Build.0 = Debug|Any CPU
		{E6CF5682-321A-4803-8359-C6251EF23349}.Debug|Mixed Platforms.ActiveCfg = Debug|Any CPU
		{E6CF5682-321A-4803-8359-C6251EF23349}.Debug|Mixed Platforms.Build.0 = Debug|Any CPU
		{E6CF5682-321A-4803-8359-C6251EF23349}.Debug|Win32.ActiveCfg = Debug|Any CPU
		{E6CF5682-321A-4803-8359-C6251EF23349}.Release|Any CPU.ActiveCfg = Release|Any CPU
		{E6CF5682-321A-4803-8359-C6251EF23349}.Release|Any CPU.Build.0 = Release|Any CPU
		{E6CF5682-321A-4803-8359-C6251EF23349}.Release|Mixed Platforms.ActiveCfg = Release|Any CPU
		{E6CF5682-321A-4803-8359-C6251EF23349}.Release|Mixed Platforms.Build.0 = Release|Any CPU
		{E6CF5682-321A-4803-8359-C6251EF23349}.Release|Win32.ActiveCfg = Release|Any CPU
		{22441FFB-6079-475C-A356-B5C826754334}.Debug|Any CPU.ActiveCfg = Debug|Any CPU
		{22441FFB-6079-475C-A356-B5C826754334}.Debug|Any CPU.Build.0 = Debug|Any CPU
		{22441FFB-6079-475C-A356-B5C826754334}.Debug|Mixed Platforms.ActiveCfg = Debug|Any CPU
		{22441FFB-6079-475C-A356-B5C826754334}.Debug|Mixed Platforms.Build.0 = Debug|Any CPU
		{22441FFB-6079-475C-A356-B5C826754334}.Debug|Win32.ActiveCfg = Debug|Any CPU
		{22441FFB-6079-475C-A356-B5C826754334}.Release|Any CPU.ActiveCfg = Release|Any CPU
		{22441FFB-6079-475C-A356-B5C826754334}.Release|Any CPU.Build.0 = Release|Any CPU
		{22441FFB-6079-475C-A356-B5C826754334}.Release|Mixed Platforms.ActiveCfg = Release|Any CPU
		{22441FFB-6079-475C-A356-B5C826754334}.Release|Mixed Platforms.Build.0 = Release|Any CPU
		{22441FFB-6079-475C-A356-B5C826754334}.Release|Win32.ActiveCfg = Release|Any CPU
	EndGlobalSection
	GlobalSection(SolutionProperties) = preSolution
		HideSolutionNode = FALSE
	EndGlobalSection
	GlobalSection(NestedProjects) = preSolution
		{E6CF5682-321A-4803-8359-C6251EF23349} = {A15E8BD8-DF34-414F-B451-BF5FD8ECE841}
		{22441FFB-6079-475C-A356-B5C826754334} = {A15E8BD8-DF34-414F-B451-BF5FD8ECE841}
	EndGlobalSection
EndGlobal
